<?xml version="1.0" encoding="UTF-8" standalone="yes" ?>
<CodeBlocks_project_file>
	<FileVersion major="1" minor="6" />
	<Project>
		<Option title="Pong-CPP_SDL" />
		<Option pch_mode="2" />
		<Option compiler="gcc" />
		<Build>
			<Target title="Debug">
				<Option output="bin/Debug/Pong-CPP_SDL" prefix_auto="1" extension_auto="1" />
				<Option object_output="obj/Debug/" />
				<Option type="1" />
				<Option compiler="gcc" />
				<Compiler>
					<Add option="-std=c++11" />
					<Add option="-g" />
					<Add directory="../../cpp/SDL/CodeBlocks/deps/include" />
					<Add directory="include" />
				</Compiler>
				<Linker>
					<Add library="mingw32" />
					<Add library="libSDL2main" />
					<Add library="SDL2" />
					<Add library="glew32" />
					<Add library="glew32s" />
					<Add library="opengl32" />
					<Add library="libSDL2_image" />
					<Add directory="../../cpp/SDL/CodeBlocks/deps/lib" />
				</Linker>
			</Target>
			<Target title="Release">
				<Option output="bin/Release/Pong-CPP_SDL" prefix_auto="1" extension_auto="1" />
				<Option object_output="obj/Release/" />
				<Option type="1" />
				<Option compiler="gcc" />
				<Compiler>
					<Add option="-O2" />
					<Add directory="include" />
				</Compiler>
				<Linker>
					<Add option="-s" />
				</Linker>
			</Target>
		</Build>
		<Compiler>
			<Add option="-Wall" />
		</Compiler>
		<Unit filename="include/AI.h" />
		<Unit filename="include/Application.h" />
		<Unit filename="include/Ball.h" />
		<Unit filename="include/Bar.h" />
		<Unit filename="include/Game.h" />
		<Unit filename="include/texture_methods.h" />
		<Unit filename="main.cpp" />
		<Unit filename="src/AI.cpp" />
		<Unit filename="src/Application.cpp" />
		<Unit filename="src/Ball.cpp" />
		<Unit filename="src/Bar.cpp" />
		<Unit filename="src/Game.cpp" />
		<Unit filename="src/texture_methods.cpp" />
		<Extensions>
			<code_completion />
			<envvars />
			<debugger />
			<lib_finder disable_auto="1" />
		</Extensions>
	</Project>
</CodeBlocks_project_file>
